<?xml version="1.0" encoding="utf-8"?>
<Project ToolsVersion="17.0" xmlns="http://schemas.microsoft.com/developer/msbuild/2003">
  <ItemGroup>
    <CustomBuild Include="C:\Users\79851\Desktop\dfa_minim\CMakeFiles\1d9b24377d4da492903dd320156d1877\generate.stamp.rule">
      <Filter>CMake Rules</Filter>
    </CustomBuild>
  </ItemGroup>
  <ItemGroup>
    <Filter Include="CMake Rules">
      <UniqueIdentifier>{3AB26734-38B5-3AB1-BDAD-9E8C7A23D767}</UniqueIdentifier>
    </Filter>
  </ItemGroup>
</Project>
